
Microsoft Visual Studio Solution File, Format Version 12.00
# Visual Studio Version 17
VisualStudioVersion = 17.0.32112.339
MinimumVisualStudioVersion = 10.0.40219.1
Project("{2150E333-8FDC-42A3-9474-1A3956D46DE8}") = "documentation", "documentation", "{7E409921-9489-4029-A36E-A69016D3E4B6}"
EndProject
Project("{2150E333-8FDC-42A3-9474-1A3956D46DE8}") = "source", "source", "{38B05BD0-5412-4061-BA2B-5D9B6F9F2593}"
EndProject
Project("{2150E333-8FDC-42A3-9474-1A3956D46DE8}") = "tests", "tests", "{7D1EB12D-5428-469B-AABD-3E50985B27B8}"
EndProject
Project("{2150E333-8FDC-42A3-9474-1A3956D46DE8}") = "Solution Items", "Solution Items", "{2AFA9769-2949-4E91-8509-1B861517DBDA}"
	ProjectSection(SolutionItems) = preProject
		.gitignore = .gitignore
		README.md = README.md
	EndProjectSection
EndProject
Project("{9A19103F-16F7-4668-BE54-9A1E7A4F7556}") = "BooksStore.Web", "source\BooksStore.Web\BooksStore.Web.csproj", "{4197AACD-C8BD-4319-A21D-EE9005678BAE}"
EndProject
Project("{9A19103F-16F7-4668-BE54-9A1E7A4F7556}") = "BooksStore.Api", "source\BooksStore.Api\BooksStore.Api.csproj", "{98D10B49-CF74-4AAB-A616-0F18C323FFEB}"
EndProject
Project("{FAE04EC0-301F-11D3-BF4B-00C04F79EFBC}") = "BooksStore.Core", "source\BooksStore.Core\BooksStore.Core.csproj", "{BE4BD81A-A11A-41F1-98F0-7752679019E0}"
EndProject
Project("{FAE04EC0-301F-11D3-BF4B-00C04F79EFBC}") = "BooksStore.Data", "source\BooksStore.Data\BooksStore.Data.csproj", "{45CCA488-7DB2-42CA-BC9D-8CB9FF147ACD}"
EndProject
Project("{FAE04EC0-301F-11D3-BF4B-00C04F79EFBC}") = "BooksStore.Infrastructure", "source\BooksStore.Infrastructure\BooksStore.Infrastructure.csproj", "{F52F4859-BF71-4725-9A30-601CB81B5782}"
EndProject
Global
	GlobalSection(SolutionConfigurationPlatforms) = preSolution
		Debug|Any CPU = Debug|Any CPU
		Release|Any CPU = Release|Any CPU
	EndGlobalSection
	GlobalSection(ProjectConfigurationPlatforms) = postSolution
		{4197AACD-C8BD-4319-A21D-EE9005678BAE}.Debug|Any CPU.ActiveCfg = Debug|Any CPU
		{4197AACD-C8BD-4319-A21D-EE9005678BAE}.Debug|Any CPU.Build.0 = Debug|Any CPU
		{4197AACD-C8BD-4319-A21D-EE9005678BAE}.Release|Any CPU.ActiveCfg = Release|Any CPU
		{4197AACD-C8BD-4319-A21D-EE9005678BAE}.Release|Any CPU.Build.0 = Release|Any CPU
		{98D10B49-CF74-4AAB-A616-0F18C323FFEB}.Debug|Any CPU.ActiveCfg = Debug|Any CPU
		{98D10B49-CF74-4AAB-A616-0F18C323FFEB}.Debug|Any CPU.Build.0 = Debug|Any CPU
		{98D10B49-CF74-4AAB-A616-0F18C323FFEB}.Release|Any CPU.ActiveCfg = Release|Any CPU
		{98D10B49-CF74-4AAB-A616-0F18C323FFEB}.Release|Any CPU.Build.0 = Release|Any CPU
		{BE4BD81A-A11A-41F1-98F0-7752679019E0}.Debug|Any CPU.ActiveCfg = Debug|Any CPU
		{BE4BD81A-A11A-41F1-98F0-7752679019E0}.Debug|Any CPU.Build.0 = Debug|Any CPU
		{BE4BD81A-A11A-41F1-98F0-7752679019E0}.Release|Any CPU.ActiveCfg = Release|Any CPU
		{BE4BD81A-A11A-41F1-98F0-7752679019E0}.Release|Any CPU.Build.0 = Release|Any CPU
		{45CCA488-7DB2-42CA-BC9D-8CB9FF147ACD}.Debug|Any CPU.ActiveCfg = Debug|Any CPU
		{45CCA488-7DB2-42CA-BC9D-8CB9FF147ACD}.Debug|Any CPU.Build.0 = Debug|Any CPU
		{45CCA488-7DB2-42CA-BC9D-8CB9FF147ACD}.Release|Any CPU.ActiveCfg = Release|Any CPU
		{45CCA488-7DB2-42CA-BC9D-8CB9FF147ACD}.Release|Any CPU.Build.0 = Release|Any CPU
		{F52F4859-BF71-4725-9A30-601CB81B5782}.Debug|Any CPU.ActiveCfg = Debug|Any CPU
		{F52F4859-BF71-4725-9A30-601CB81B5782}.Debug|Any CPU.Build.0 = Debug|Any CPU
		{F52F4859-BF71-4725-9A30-601CB81B5782}.Release|Any CPU.ActiveCfg = Release|Any CPU
		{F52F4859-BF71-4725-9A30-601CB81B5782}.Release|Any CPU.Build.0 = Release|Any CPU
	EndGlobalSection
	GlobalSection(SolutionProperties) = preSolution
		HideSolutionNode = FALSE
	EndGlobalSection
	GlobalSection(NestedProjects) = preSolution
		{4197AACD-C8BD-4319-A21D-EE9005678BAE} = {38B05BD0-5412-4061-BA2B-5D9B6F9F2593}
		{98D10B49-CF74-4AAB-A616-0F18C323FFEB} = {38B05BD0-5412-4061-BA2B-5D9B6F9F2593}
		{BE4BD81A-A11A-41F1-98F0-7752679019E0} = {38B05BD0-5412-4061-BA2B-5D9B6F9F2593}
		{45CCA488-7DB2-42CA-BC9D-8CB9FF147ACD} = {38B05BD0-5412-4061-BA2B-5D9B6F9F2593}
		{F52F4859-BF71-4725-9A30-601CB81B5782} = {38B05BD0-5412-4061-BA2B-5D9B6F9F2593}
	EndGlobalSection
	GlobalSection(ExtensibilityGlobals) = postSolution
		SolutionGuid = {1E5147AF-FEAF-4877-8DD3-4068717B465D}
	EndGlobalSection
EndGlobal
