
Microsoft Visual Studio Solution File, Format Version 12.00
# Visual Studio Version 17
VisualStudioVersion = 17.0.32126.317
MinimumVisualStudioVersion = 10.0.40219.1
Project("{2150E333-8FDC-42A3-9474-1A3956D46DE8}") = "Deploy", "Deploy", "{1790709F-99C9-4F1D-A208-6282765C6781}"
EndProject
Project("{2150E333-8FDC-42A3-9474-1A3956D46DE8}") = "Documentation", "Documentation", "{E12D7168-1304-4BF9-AC9A-D4588481CFB0}"
EndProject
Project("{2150E333-8FDC-42A3-9474-1A3956D46DE8}") = "Images", "Images", "{3C7BEC89-DA8D-4400-80BD-44AF7450E0ED}"
EndProject
Project("{2150E333-8FDC-42A3-9474-1A3956D46DE8}") = "Scripts", "Scripts", "{002EAD3F-6122-4592-949D-8FA5F7B764B0}"
EndProject
Project("{2150E333-8FDC-42A3-9474-1A3956D46DE8}") = "Source", "Source", "{57819BC7-7AA5-4293-AA70-D2A126A6CE22}"
EndProject
Project("{2150E333-8FDC-42A3-9474-1A3956D46DE8}") = "Tests", "Tests", "{083A6AB6-9CDE-4276-8246-310AB49A718C}"
EndProject
Project("{FAE04EC0-301F-11D3-BF4B-00C04F79EFBC}") = "HPlusSport.API", "Source\HPlusSport.API\HPlusSport.API.csproj", "{8B385EB6-B002-498F-91D6-E61D2F1E30CA}"
EndProject
Global
	GlobalSection(SolutionConfigurationPlatforms) = preSolution
		Debug|Any CPU = Debug|Any CPU
		Release|Any CPU = Release|Any CPU
	EndGlobalSection
	GlobalSection(ProjectConfigurationPlatforms) = postSolution
		{8B385EB6-B002-498F-91D6-E61D2F1E30CA}.Debug|Any CPU.ActiveCfg = Debug|Any CPU
		{8B385EB6-B002-498F-91D6-E61D2F1E30CA}.Debug|Any CPU.Build.0 = Debug|Any CPU
		{8B385EB6-B002-498F-91D6-E61D2F1E30CA}.Release|Any CPU.ActiveCfg = Release|Any CPU
		{8B385EB6-B002-498F-91D6-E61D2F1E30CA}.Release|Any CPU.Build.0 = Release|Any CPU
	EndGlobalSection
	GlobalSection(SolutionProperties) = preSolution
		HideSolutionNode = FALSE
	EndGlobalSection
	GlobalSection(NestedProjects) = preSolution
		{3C7BEC89-DA8D-4400-80BD-44AF7450E0ED} = {E12D7168-1304-4BF9-AC9A-D4588481CFB0}
		{8B385EB6-B002-498F-91D6-E61D2F1E30CA} = {57819BC7-7AA5-4293-AA70-D2A126A6CE22}
	EndGlobalSection
	GlobalSection(ExtensibilityGlobals) = postSolution
		SolutionGuid = {27D734F4-8676-4155-A687-1C7F011DFAD1}
	EndGlobalSection
EndGlobal
