
Microsoft Visual Studio Solution File, Format Version 12.00
# Visual Studio Version 17
VisualStudioVersion = 17.0.32014.148
MinimumVisualStudioVersion = 10.0.40219.1
Project("{2150E333-8FDC-42A3-9474-1A3956D46DE8}") = "documentation", "documentation", "{9FF34B0A-06AB-4DDB-AF72-64791DFFC2ED}"
EndProject
Project("{2150E333-8FDC-42A3-9474-1A3956D46DE8}") = "source", "source", "{03EB7871-A5DF-42F2-A5B6-1AF8723C1B9A}"
EndProject
Project("{2150E333-8FDC-42A3-9474-1A3956D46DE8}") = "Solution Items", "Solution Items", "{2C3B06A0-5C3B-40DD-9A9F-64861A33664C}"
	ProjectSection(SolutionItems) = preProject
		.gitignore = .gitignore
		README.md = README.md
	EndProjectSection
EndProject
Project("{2150E333-8FDC-42A3-9474-1A3956D46DE8}") = "services", "services", "{309B2E31-DCF1-490F-B19F-B3682E0099CE}"
EndProject
Project("{2150E333-8FDC-42A3-9474-1A3956D46DE8}") = "database", "database", "{6341A044-417D-40BB-8F0B-A801CACBDF67}"
EndProject
Project("{9A19103F-16F7-4668-BE54-9A1E7A4F7556}") = "Products.Api", "source\services\Products.Api\Products.Api.csproj", "{B2DA7C5C-9565-4EBD-8FE3-05B3D3CBF3FE}"
EndProject
Project("{2150E333-8FDC-42A3-9474-1A3956D46DE8}") = "common", "common", "{A9033888-6CC2-4C71-9E23-2BA11DCD1344}"
EndProject
Project("{2150E333-8FDC-42A3-9474-1A3956D46DE8}") = "webapps", "webapps", "{A73B582B-5850-4F8E-8154-2DC2E5E4F155}"
EndProject
Project("{FAE04EC0-301F-11D3-BF4B-00C04F79EFBC}") = "Products.Core", "source\services\Products.Core\Products.Core.csproj", "{630327E4-BE45-4BBC-BA45-6CCC741C0047}"
EndProject
Project("{FAE04EC0-301F-11D3-BF4B-00C04F79EFBC}") = "Products.Data", "source\services\Products.Data\Products.Data.csproj", "{12E43FF1-036F-4B42-94C5-C3E2FEDC7E54}"
EndProject
Project("{FAE04EC0-301F-11D3-BF4B-00C04F79EFBC}") = "Products.Infrastructure", "source\services\Products.Infrastructure\Products.Infrastructure.csproj", "{53A69546-B2DD-4B9D-8055-8043CD4D2B6F}"
EndProject
Project("{FAE04EC0-301F-11D3-BF4B-00C04F79EFBC}") = "Products.Repository", "source\services\Products.Repository\Products.Repository.csproj", "{13703CB5-F41C-4BE0-9D7A-0FC5A6B1D335}"
EndProject
Global
	GlobalSection(SolutionConfigurationPlatforms) = preSolution
		Debug|Any CPU = Debug|Any CPU
		Release|Any CPU = Release|Any CPU
	EndGlobalSection
	GlobalSection(ProjectConfigurationPlatforms) = postSolution
		{B2DA7C5C-9565-4EBD-8FE3-05B3D3CBF3FE}.Debug|Any CPU.ActiveCfg = Debug|Any CPU
		{B2DA7C5C-9565-4EBD-8FE3-05B3D3CBF3FE}.Debug|Any CPU.Build.0 = Debug|Any CPU
		{B2DA7C5C-9565-4EBD-8FE3-05B3D3CBF3FE}.Release|Any CPU.ActiveCfg = Release|Any CPU
		{B2DA7C5C-9565-4EBD-8FE3-05B3D3CBF3FE}.Release|Any CPU.Build.0 = Release|Any CPU
		{630327E4-BE45-4BBC-BA45-6CCC741C0047}.Debug|Any CPU.ActiveCfg = Debug|Any CPU
		{630327E4-BE45-4BBC-BA45-6CCC741C0047}.Debug|Any CPU.Build.0 = Debug|Any CPU
		{630327E4-BE45-4BBC-BA45-6CCC741C0047}.Release|Any CPU.ActiveCfg = Release|Any CPU
		{630327E4-BE45-4BBC-BA45-6CCC741C0047}.Release|Any CPU.Build.0 = Release|Any CPU
		{12E43FF1-036F-4B42-94C5-C3E2FEDC7E54}.Debug|Any CPU.ActiveCfg = Debug|Any CPU
		{12E43FF1-036F-4B42-94C5-C3E2FEDC7E54}.Debug|Any CPU.Build.0 = Debug|Any CPU
		{12E43FF1-036F-4B42-94C5-C3E2FEDC7E54}.Release|Any CPU.ActiveCfg = Release|Any CPU
		{12E43FF1-036F-4B42-94C5-C3E2FEDC7E54}.Release|Any CPU.Build.0 = Release|Any CPU
		{53A69546-B2DD-4B9D-8055-8043CD4D2B6F}.Debug|Any CPU.ActiveCfg = Debug|Any CPU
		{53A69546-B2DD-4B9D-8055-8043CD4D2B6F}.Debug|Any CPU.Build.0 = Debug|Any CPU
		{53A69546-B2DD-4B9D-8055-8043CD4D2B6F}.Release|Any CPU.ActiveCfg = Release|Any CPU
		{53A69546-B2DD-4B9D-8055-8043CD4D2B6F}.Release|Any CPU.Build.0 = Release|Any CPU
		{13703CB5-F41C-4BE0-9D7A-0FC5A6B1D335}.Debug|Any CPU.ActiveCfg = Debug|Any CPU
		{13703CB5-F41C-4BE0-9D7A-0FC5A6B1D335}.Debug|Any CPU.Build.0 = Debug|Any CPU
		{13703CB5-F41C-4BE0-9D7A-0FC5A6B1D335}.Release|Any CPU.ActiveCfg = Release|Any CPU
		{13703CB5-F41C-4BE0-9D7A-0FC5A6B1D335}.Release|Any CPU.Build.0 = Release|Any CPU
	EndGlobalSection
	GlobalSection(SolutionProperties) = preSolution
		HideSolutionNode = FALSE
	EndGlobalSection
	GlobalSection(NestedProjects) = preSolution
		{309B2E31-DCF1-490F-B19F-B3682E0099CE} = {03EB7871-A5DF-42F2-A5B6-1AF8723C1B9A}
		{6341A044-417D-40BB-8F0B-A801CACBDF67} = {03EB7871-A5DF-42F2-A5B6-1AF8723C1B9A}
		{B2DA7C5C-9565-4EBD-8FE3-05B3D3CBF3FE} = {309B2E31-DCF1-490F-B19F-B3682E0099CE}
		{A9033888-6CC2-4C71-9E23-2BA11DCD1344} = {03EB7871-A5DF-42F2-A5B6-1AF8723C1B9A}
		{A73B582B-5850-4F8E-8154-2DC2E5E4F155} = {03EB7871-A5DF-42F2-A5B6-1AF8723C1B9A}
		{630327E4-BE45-4BBC-BA45-6CCC741C0047} = {309B2E31-DCF1-490F-B19F-B3682E0099CE}
		{12E43FF1-036F-4B42-94C5-C3E2FEDC7E54} = {309B2E31-DCF1-490F-B19F-B3682E0099CE}
		{53A69546-B2DD-4B9D-8055-8043CD4D2B6F} = {309B2E31-DCF1-490F-B19F-B3682E0099CE}
		{13703CB5-F41C-4BE0-9D7A-0FC5A6B1D335} = {309B2E31-DCF1-490F-B19F-B3682E0099CE}
	EndGlobalSection
	GlobalSection(ExtensibilityGlobals) = postSolution
		SolutionGuid = {D8BF2E6E-02DD-497B-B8E2-63E6B46EB0AE}
	EndGlobalSection
EndGlobal
